
Microsoft Visual Studio Solution File, Format Version 12.00
# Visual Studio 2017
Project("{FAE04EC0-301F-11D3-BF4B-00C04F79EFBC}") = "QuizGameProject", "QuizGameProject.csproj", "{863E230B-9914-A7C0-EB9E-0F96DCAE0F95}"
EndProject
Project("{FAE04EC0-301F-11D3-BF4B-00C04F79EFBC}") = "QuizGameProject.Editor", "QuizGameProject.Editor.csproj", "{DA194A60-D4B5-EE18-FD2A-E3A9838563C6}"
EndProject
Global
	GlobalSection(SolutionConfigurationPlatforms) = preSolution
		Debug|Any CPU = Debug|Any CPU
		Release|Any CPU = Release|Any CPU
	EndGlobalSection
	GlobalSection(ProjectConfigurationPlatforms) = postSolution
		{863E230B-9914-A7C0-EB9E-0F96DCAE0F95}.Debug|Any CPU.ActiveCfg = Debug|Any CPU
		{863E230B-9914-A7C0-EB9E-0F96DCAE0F95}.Debug|Any CPU.Build.0 = Debug|Any CPU
		{863E230B-9914-A7C0-EB9E-0F96DCAE0F95}.Release|Any CPU.ActiveCfg = Release|Any CPU
		{863E230B-9914-A7C0-EB9E-0F96DCAE0F95}.Release|Any CPU.Build.0 = Release|Any CPU
		{DA194A60-D4B5-EE18-FD2A-E3A9838563C6}.Debug|Any CPU.ActiveCfg = Debug|Any CPU
		{DA194A60-D4B5-EE18-FD2A-E3A9838563C6}.Debug|Any CPU.Build.0 = Debug|Any CPU
		{DA194A60-D4B5-EE18-FD2A-E3A9838563C6}.Release|Any CPU.ActiveCfg = Release|Any CPU
		{DA194A60-D4B5-EE18-FD2A-E3A9838563C6}.Release|Any CPU.Build.0 = Release|Any CPU
	EndGlobalSection
	GlobalSection(SolutionProperties) = preSolution
		HideSolutionNode = FALSE
	EndGlobalSection
EndGlobal
